{
  "name": "plugintemplate",
  "version": "1.0.0",
  "lockfileVersion": 2,
  "requires": true,
  "packages": {
    "": {
      "name": "plugintemplate",
      "version": "1.0.0",
      "license": "ISC",
      "dependencies": {
        "@flowerloader/api": "^1.0.0"
      }
    },
    "node_modules/@flowerloader/api": {
      "version": "1.0.0",
      "resolved": "https://registry.npmjs.org/@flowerloader/api/-/api-1.0.0.tgz",
      "integrity": "sha512-2wDjp3/mOadV1aqNka/Jq2a51Q7QR6Oujcg0kE4Y0YPIBs8FvxBm43r0cbUtApiroaGfGsccugyifSQroV3z0Q=="
    }
  },
  "dependencies": {
    "@flowerloader/api": {
      "version": "1.0.0",
      "resolved": "https://registry.npmjs.org/@flowerloader/api/-/api-1.0.0.tgz",
      "integrity": "sha512-2wDjp3/mOadV1aqNka/Jq2a51Q7QR6Oujcg0kE4Y0YPIBs8FvxBm43r0cbUtApiroaGfGsccugyifSQroV3z0Q=="
    }
  }
}
