{
  "name": "limitbreaker",
  "version": "1.0.0",
  "lockfileVersion": 2,
  "requires": true,
  "packages": {
    "": {
      "name": "limitbreaker",
      "version": "1.0.0",
      "license": "ISC",
      "dependencies": {
        "@flowerloader/api": "^1.0.0"
      },
      "devDependencies": {
        "@types/jquery": "^3.5.30"
      }
    },
    "node_modules/@flowerloader/api": {
      "version": "1.1.0",
      "resolved": "https://registry.npmjs.org/@flowerloader/api/-/api-1.1.0.tgz",
      "integrity": "sha512-7sxqRwHvFIq02gGKMVjSB1T5cRIyAhp8bEq6qp3i1oNTjsnq8C4v0ERDqXdPXOY7qyboXxv1yLGgRRyLaAmg+A=="
    },
    "node_modules/@types/jquery": {
      "version": "3.5.30",
      "resolved": "https://registry.npmjs.org/@types/jquery/-/jquery-3.5.30.tgz",
      "integrity": "sha512-nbWKkkyb919DOUxjmRVk8vwtDb0/k8FKncmUKFi+NY+QXqWltooxTrswvz4LspQwxvLdvzBN1TImr6cw3aQx2A==",
      "dev": true,
      "dependencies": {
        "@types/sizzle": "*"
      }
    },
    "node_modules/@types/sizzle": {
      "version": "2.3.8",
      "resolved": "https://registry.npmjs.org/@types/sizzle/-/sizzle-2.3.8.tgz",
      "integrity": "sha512-0vWLNK2D5MT9dg0iOo8GlKguPAU02QjmZitPEsXRuJXU/OGIOt9vT9Fc26wtYuavLxtO45v9PGleoL9Z0k1LHg==",
      "dev": true
    }
  },
  "dependencies": {
    "@flowerloader/api": {
      "version": "1.1.0",
      "resolved": "https://registry.npmjs.org/@flowerloader/api/-/api-1.1.0.tgz",
      "integrity": "sha512-7sxqRwHvFIq02gGKMVjSB1T5cRIyAhp8bEq6qp3i1oNTjsnq8C4v0ERDqXdPXOY7qyboXxv1yLGgRRyLaAmg+A=="
    },
    "@types/jquery": {
      "version": "3.5.30",
      "resolved": "https://registry.npmjs.org/@types/jquery/-/jquery-3.5.30.tgz",
      "integrity": "sha512-nbWKkkyb919DOUxjmRVk8vwtDb0/k8FKncmUKFi+NY+QXqWltooxTrswvz4LspQwxvLdvzBN1TImr6cw3aQx2A==",
      "dev": true,
      "requires": {
        "@types/sizzle": "*"
      }
    },
    "@types/sizzle": {
      "version": "2.3.8",
      "resolved": "https://registry.npmjs.org/@types/sizzle/-/sizzle-2.3.8.tgz",
      "integrity": "sha512-0vWLNK2D5MT9dg0iOo8GlKguPAU02QjmZitPEsXRuJXU/OGIOt9vT9Fc26wtYuavLxtO45v9PGleoL9Z0k1LHg==",
      "dev": true
    }
  }
}
